# THIS IS AN AUTOGENERATED FILE. DO NOT EDIT THIS FILE DIRECTLY.
# yarn lockfile v1


"@types/events@*":
  version "3.0.0"
  resolved "https://registry.yarnpkg.com/@types/events/-/events-3.0.0.tgz#2862f3f58a9a7f7c3e78d79f130dd4d71c25c2a7"
  integrity sha512-EaObqwIvayI5a8dCzhFrjKzVwKLxjoG9T6Ppd5CEo07LRKfQ8Yokw54r5+Wq7FaBQ+yXRvQAYPrHwya1/UFt9g==

"@types/node@*":
  version "13.7.7"
  resolved "https://registry.yarnpkg.com/@types/node/-/node-13.7.7.tgz#1628e6461ba8cc9b53196dfeaeec7b07fa6eea99"
  integrity sha512-Uo4chgKbnPNlxQwoFmYIwctkQVkMMmsAoGGU4JKwLuvBefF0pCq4FybNSnfkfRCpC7ZW7kttcC/TrRtAJsvGtg==

"@types/pino@^4.16.0":
  version "4.16.1"
  resolved "https://registry.yarnpkg.com/@types/pino/-/pino-4.16.1.tgz#3b4b36e707cb364dcf0903503a7f44df67294b1c"
  integrity sha512-uYEhZ3jsuiYFsPcR34fbxVlrqzqphc+QQ3fU4rWR6PXH8ka2TKvPBjtkNqj8oBHouVGf4GCRfyPb7FG2TEtPZA==
  dependencies:
    "@types/events" "*"
    "@types/node" "*"

abstract-logging@^1.0.0:
  version "1.0.0"
  resolved "https://registry.yarnpkg.com/abstract-logging/-/abstract-logging-1.0.0.tgz#8b7deafd310559bc28f77724dd1bb30177278c1b"
  integrity sha1-i33q/TEFWbwo93ck3RuzAXcnjBs=

ajv@^6.10.2, ajv@^6.11.0, ajv@^6.6.1:
  version "6.12.0"
  resolved "https://registry.yarnpkg.com/ajv/-/ajv-6.12.0.tgz#06d60b96d87b8454a5adaba86e7854da629db4b7"
  integrity sha512-D6gFiFA0RRLyUbvijN74DWAjXSFxWKaWP7mldxkVhyhAV3+SWA9HEJPHQ2c9soIeTFJqcSdFDGFgdqs1iUU2Hw==
  dependencies:
    fast-deep-equal "^3.1.1"
    fast-json-stable-stringify "^2.0.0"
    json-schema-traverse "^0.4.1"
    uri-js "^4.2.2"

ansi-styles@^3.2.1:
  version "3.2.1"
  resolved "https://registry.yarnpkg.com/ansi-styles/-/ansi-styles-3.2.1.tgz#41fbb20243e50b12be0f04b8dedbf07520ce841d"
  integrity sha512-VT0ZI6kZRdTh8YyJw3SMbYm/u+NqfsAxEpWO0Pf9sq8/e94WxxOpPKx9FR1FlyCtOVDNOQ+8ntlqFxiRc+r5qA==
  dependencies:
    color-convert "^1.9.0"

avvio@^5.8.0:
  version "5.9.0"
  resolved "https://registry.yarnpkg.com/avvio/-/avvio-5.9.0.tgz#3513709b7d6a2bd93cb20252a13a875ae54d0b0a"
  integrity sha512-bzgrSPRdU1T/AkhEuXWAA6cJCFA3zApLk+5fkpcQt4US9YAI52AFYnsGX1HSCF2bHSltEYfk7fbffYu4WnazmA==
  dependencies:
    debug "^3.1.0"
    fastq "^1.6.0"

bourne@^1.1.2:
  version "1.1.2"
  resolved "https://registry.yarnpkg.com/bourne/-/bourne-1.1.2.tgz#e290b5bd7166635632eaf8ef12b006b2d4a75b83"
  integrity sha512-b2dgVkTZhkQirNMohgC00rWfpVqEi9y5tKM1k3JvoNx05ODtfQoPPd4js9CYFQoY0IM8LAmnJulEuWv74zjUOg==

chalk@^2.4.1:
  version "2.4.2"
  resolved "https://registry.yarnpkg.com/chalk/-/chalk-2.4.2.tgz#cd42541677a54333cf541a49108c1432b44c9424"
  integrity sha512-Mti+f9lpJNcwF4tWV8/OrTTtF1gZi+f8FqlyAdouralcFWFQWF2+NgCHShjkCb+IFBLq9buZwE1xckQU4peSuQ==
  dependencies:
    ansi-styles "^3.2.1"
    escape-string-regexp "^1.0.5"
    supports-color "^5.3.0"

color-convert@^1.9.0:
  version "1.9.0"
  resolved "https://registry.yarnpkg.com/color-convert/-/color-convert-1.9.0.tgz#1accf97dd739b983bf994d56fec8f95853641b7a"
  dependencies:
    color-name "^1.1.1"

color-name@^1.1.1:
  version "1.1.3"
  resolved "https://registry.yarnpkg.com/color-name/-/color-name-1.1.3.tgz#a7d0558bd89c42f795dd42328f740831ca53bc25"

cookie@^0.4.0:
  version "0.4.0"
  resolved "https://registry.yarnpkg.com/cookie/-/cookie-0.4.0.tgz#beb437e7022b3b6d49019d088665303ebe9c14ba"
  integrity sha512-+Hp8fLp57wnUSt0tY0tHEXh4voZRDnoIrZPqlo3DPiI4y9lwg/jqx+1Om94/W6ZaPDOUbnjOt/99w66zk+l1Xg==

core-util-is@~1.0.0:
  version "1.0.2"
  resolved "https://registry.yarnpkg.com/core-util-is/-/core-util-is-1.0.2.tgz#b5fd54220aa2bc5ab57aab7140c940754503c1a7"

debug@^3.1.0:
  version "3.2.6"
  resolved "https://registry.yarnpkg.com/debug/-/debug-3.2.6.tgz#e83d17de16d8a7efb7717edbe5fb10135eee629b"
  integrity sha512-mel+jf7nrtEl5Pn1Qx46zARXKDpBbvzezse7p7LqINmdoIk8PYP5SySaxEmYv6TZ0JyEKA1hsCId6DIhgITtWQ==
  dependencies:
    ms "^2.1.1"

deepmerge@^4.2.2:
  version "4.2.2"
  resolved "https://registry.yarnpkg.com/deepmerge/-/deepmerge-4.2.2.tgz#44d2ea3679b8f4d4ffba33f03d865fc1e7bf4955"
  integrity sha512-FJ3UgI4gIl+PHZm53knsuSFpE+nESMr7M4v9QcgB7S63Kj/6WqMiFQJpBBYz1Pt+66bZpP3Q7Lye0Oo9MPKEdg==

end-of-stream@^1.1.0:
  version "1.4.0"
  resolved "https://registry.yarnpkg.com/end-of-stream/-/end-of-stream-1.4.0.tgz#7a90d833efda6cfa6eac0f4949dbb0fad3a63206"
  dependencies:
    once "^1.4.0"

end-of-stream@^1.4.1:
  version "1.4.4"
  resolved "https://registry.yarnpkg.com/end-of-stream/-/end-of-stream-1.4.4.tgz#5ae64a5f45057baf3626ec14da0ca5e4b2431eb0"
  integrity sha512-+uw1inIHVPQoaVuHzRyXd21icM+cnt4CzD5rW+NC1wjOUSTOs+Te7FOv7AhN7vS9x/oIyhLP5PR1H+phQAHu5Q==
  dependencies:
    once "^1.4.0"

escape-string-regexp@^1.0.5:
  version "1.0.5"
  resolved "https://registry.yarnpkg.com/escape-string-regexp/-/escape-string-regexp-1.0.5.tgz#1b61c0562190a8dff6ae3bb2cf0200ca130b86d4"

fast-decode-uri-component@^1.0.0:
  version "1.0.1"
  resolved "https://registry.yarnpkg.com/fast-decode-uri-component/-/fast-decode-uri-component-1.0.1.tgz#46f8b6c22b30ff7a81357d4f59abfae938202543"
  integrity sha512-WKgKWg5eUxvRZGwW8FvfbaH7AXSh2cL+3j5fMGzUMCxWBJ3dV3a7Wz8y2f/uQ0e3B6WmodD3oS54jTQ9HVTIIg==

fast-deep-equal@^3.1.1:
  version "3.1.1"
  resolved "https://registry.yarnpkg.com/fast-deep-equal/-/fast-deep-equal-3.1.1.tgz#545145077c501491e33b15ec408c294376e94ae4"
  integrity sha512-8UEa58QDLauDNfpbrX55Q9jrGHThw2ZMdOky5Gl1CDtVeJDPVrG4Jxx1N8jw2gkWaff5UUuX1KJd+9zGe2B+ZA==

fast-json-parse@^1.0.3:
  version "1.0.3"
  resolved "https://registry.yarnpkg.com/fast-json-parse/-/fast-json-parse-1.0.3.tgz#43e5c61ee4efa9265633046b770fb682a7577c4d"
  integrity sha512-FRWsaZRWEJ1ESVNbDWmsAlqDk96gPQezzLghafp5J4GUKjbCz3OkAHuZs5TuPEtkbVQERysLp9xv6c24fBm8Aw==

fast-json-stable-stringify@^2.0.0:
  version "2.1.0"
  resolved "https://registry.yarnpkg.com/fast-json-stable-stringify/-/fast-json-stable-stringify-2.1.0.tgz#874bf69c6f404c2b5d99c481341399fd55892633"
  integrity sha512-lhd/wF+Lk98HZoTCtlVraHtfh5XYijIjalXck7saUtuanSDyLMxnHhSXEDJqHxD7msR8D0uCmqlkwjCV8xvwHw==

fast-json-stringify@^1.11.0:
  version "1.16.4"
  resolved "https://registry.yarnpkg.com/fast-json-stringify/-/fast-json-stringify-1.16.4.tgz#5f08f946df7e13d7a381fcc4a360e89d1d3d419e"
  integrity sha512-VPhWesykpU9pQR6QyoCcg+UuGyYlSzREoygujxqep+KinnoDnPBNw2LrOxxiECbwfpNnZavsyph8zFKUan2J3w==
  dependencies:
    ajv "^6.11.0"
    deepmerge "^4.2.2"
    string-similarity "^4.0.1"

fast-safe-stringify@^1.0.8:
  version "1.2.0"
  resolved "https://registry.yarnpkg.com/fast-safe-stringify/-/fast-safe-stringify-1.2.0.tgz#ebd42666fd18fe4f2ba4f0d295065f3f85cade96"

fast-safe-stringify@^1.2.3:
  version "1.2.3"
  resolved "https://registry.yarnpkg.com/fast-safe-stringify/-/fast-safe-stringify-1.2.3.tgz#9fe22c37fb2f7f86f06b8f004377dbf8f1ee7bc1"
  integrity sha512-QJYT/i0QYoiZBQ71ivxdyTqkwKkQ0oxACXHYxH2zYHJEgzi2LsbjgvtzTbLi1SZcF190Db2YP7I7eTsU2egOlw==

fastify@^1.1.0:
  version "1.14.6"
  resolved "https://registry.yarnpkg.com/fastify/-/fastify-1.14.6.tgz#0cccc9b6781b8173028cc7f321edd0eede42bb9f"
  integrity sha512-w5JIVLc+7NdCsoVRDTNK9kwqDgKS61HcffHKIsUTdQ6etbUYnsL0QpPFcYPM/hasZwsbkzdXk28ftbtqyZJdtA==
  dependencies:
    "@types/pino" "^4.16.0"
    abstract-logging "^1.0.0"
    ajv "^6.6.1"
    avvio "^5.8.0"
    bourne "^1.1.2"
    end-of-stream "^1.4.1"
    fast-json-stringify "^1.11.0"
    find-my-way "^1.18.0"
    flatstr "^1.0.9"
    light-my-request "^3.2.0"
    middie "^3.1.0"
    pino "^4.17.3"
    proxy-addr "^2.0.3"
    rfdc "^1.1.2"
    tiny-lru "^2.0.0"

fastq@^1.6.0:
  version "1.6.1"
  resolved "https://registry.yarnpkg.com/fastq/-/fastq-1.6.1.tgz#4570c74f2ded173e71cf0beb08ac70bb85826791"
  integrity sha512-mpIH5sKYueh3YyeJwqtVo8sORi0CgtmkVbK6kZStpQlZBYQuTzG2CZ7idSiJuA7bY0SFCWUc5WIs+oYumGCQNw==
  dependencies:
    reusify "^1.0.4"

find-my-way@^1.18.0:
  version "1.18.1"
  resolved "https://registry.yarnpkg.com/find-my-way/-/find-my-way-1.18.1.tgz#5db605eab7211ee6af7ab08eb4f568060aa8e9f6"
  integrity sha512-5M9oQuUPNDxr7w7g65Rv2acToLUIjVUbnMsltXNQaSYWOwjf+2MBp7sMuY+pfO+OPCo2qwcxsr29VQQ09ouVMg==
  dependencies:
    fast-decode-uri-component "^1.0.0"
    safe-regex "^1.1.0"
    semver-store "^0.3.0"

flatstr@^1.0.5:
  version "1.0.5"
  resolved "https://registry.yarnpkg.com/flatstr/-/flatstr-1.0.5.tgz#5b451b08cbd48e2eac54a2bbe0bf46165aa14be3"

flatstr@^1.0.9:
  version "1.0.12"
  resolved "https://registry.yarnpkg.com/flatstr/-/flatstr-1.0.12.tgz#c2ba6a08173edbb6c9640e3055b95e287ceb5931"
  integrity sha512-4zPxDyhCyiN2wIAtSLI6gc82/EjqZc1onI4Mz/l0pWrAlsSfYH/2ZIcU+e3oA2wDwbzIWNKwa23F8rh6+DRWkw==

forwarded@~0.1.2:
  version "0.1.2"
  resolved "https://registry.yarnpkg.com/forwarded/-/forwarded-0.1.2.tgz#98c23dab1175657b8c0573e8ceccd91b0ff18c84"
  integrity sha1-mMI9qxF1ZXuMBXPozszZGw/xjIQ=

has-flag@^3.0.0:
  version "3.0.0"
  resolved "https://registry.yarnpkg.com/has-flag/-/has-flag-3.0.0.tgz#b5d454dc2199ae225699f3467e5a07f3b955bafd"
  integrity sha1-tdRU3CGZriJWmfNGfloH87lVuv0=

inherits@^2.0.3:
  version "2.0.4"
  resolved "https://registry.yarnpkg.com/inherits/-/inherits-2.0.4.tgz#0fa2c64f932917c3433a0ded55363aae37416b7c"
  integrity sha512-k/vGaX4/Yla3WzyMCvTQOXYeIHvqOKtnqBduzTHpzpQZzAskKMhZ2K+EnBiSM9zGSoIFeMpXKxa4dYeZIQqewQ==

inherits@~2.0.3:
  version "2.0.3"
  resolved "https://registry.yarnpkg.com/inherits/-/inherits-2.0.3.tgz#633c2c83e3da42a502f52466022480f4208261de"

ipaddr.js@1.9.1:
  version "1.9.1"
  resolved "https://registry.yarnpkg.com/ipaddr.js/-/ipaddr.js-1.9.1.tgz#bff38543eeb8984825079ff3a2a8e6cbd46781b3"
  integrity sha512-0KI/607xoxSToH7GjN1FfSbLoU0+btTicjsQSWQlh/hZykN8KpmMf7uYwPW3R+akZ6R/w18ZlXSHBYXiYUPO3g==

isarray@~1.0.0:
  version "1.0.0"
  resolved "https://registry.yarnpkg.com/isarray/-/isarray-1.0.0.tgz#bb935d48582cba168c06834957a54a3e07124f11"

json-schema-traverse@^0.4.1:
  version "0.4.1"
  resolved "https://registry.yarnpkg.com/json-schema-traverse/-/json-schema-traverse-0.4.1.tgz#69f6a87d9513ab8bb8fe63bdb0979c448e684660"
  integrity sha512-xbbCH5dCYU5T8LcEhhuh7HJ88HXuW3qsI3Y0zOZFKfZEHcpWiHU/Jxzk629Brsab/mMiHQti9wMP+845RPe3Vg==

light-my-request@^3.2.0:
  version "3.7.1"
  resolved "https://registry.yarnpkg.com/light-my-request/-/light-my-request-3.7.1.tgz#58cc96068280f3abef87493ae1a5611ad2adf879"
  integrity sha512-GxfIH347ObYtJJ+NnRzBnQeGlnuG+ThA3D4HvGOwB+cjw490wO/8YhkfxpyqOQtP9uE5XmhXyozVayftswu/sA==
  dependencies:
    ajv "^6.10.2"
    cookie "^0.4.0"
    readable-stream "^3.4.0"
    set-cookie-parser "^2.4.1"

middie@^3.1.0:
  version "3.2.1"
  resolved "https://registry.yarnpkg.com/middie/-/middie-3.2.1.tgz#90fde2e6bbcbc2c0b61082a09a7623aaa40cf1ff"
  integrity sha512-K4L4De0X4tqLOuxna4Y2Bg9U1p9k8ZRtJHp9i6yOT6b2rOmvP06MW9Yas2AzTQJAGkhC74VM8kOI+x0x41+77Q==
  dependencies:
    path-to-regexp "^2.0.0"
    reusify "^1.0.2"

ms@^2.1.1:
  version "2.1.2"
  resolved "https://registry.yarnpkg.com/ms/-/ms-2.1.2.tgz#d09d1f357b443f493382a8eb3ccd183872ae6009"
  integrity sha512-sGkPx+VjMtmA6MX27oA4FBFELFCZZ4S4XqeGOXCv68tT+jb3vk/RyaKWP0PTKyWtmLSM0b+adUTEvbs1PEaH2w==

once@^1.3.1, once@^1.4.0:
  version "1.4.0"
  resolved "https://registry.yarnpkg.com/once/-/once-1.4.0.tgz#583b1aa775961d4b113ac17d9c50baef9dd76bd1"
  dependencies:
    wrappy "1"

path-to-regexp@^2.0.0:
  version "2.0.0"
  resolved "https://registry.yarnpkg.com/path-to-regexp/-/path-to-regexp-2.0.0.tgz#b77a8168c2e78bc31f3d312d71b1ace97df23870"

pino-std-serializers@^2.0.0:
  version "2.4.2"
  resolved "https://registry.yarnpkg.com/pino-std-serializers/-/pino-std-serializers-2.4.2.tgz#cb5e3e58c358b26f88969d7e619ae54bdfcc1ae1"
  integrity sha512-WaL504dO8eGs+vrK+j4BuQQq6GLKeCCcHaMB2ItygzVURcL1CycwNEUHTD/lHFHs/NL5qAz2UKrjYWXKSf4aMQ==

pino@^4.17.3:
  version "4.17.6"
  resolved "https://registry.yarnpkg.com/pino/-/pino-4.17.6.tgz#8c237f3a29f4104f89321c25037deab6a7998fb4"
  integrity sha512-LFDwmhyWLBnmwO/2UFbWu1jEGVDzaPupaVdx0XcZ3tIAx1EDEBauzxXf2S0UcFK7oe+X9MApjH0hx9U1XMgfCA==
  dependencies:
    chalk "^2.4.1"
    fast-json-parse "^1.0.3"
    fast-safe-stringify "^1.2.3"
    flatstr "^1.0.5"
    pino-std-serializers "^2.0.0"
    pump "^3.0.0"
    quick-format-unescaped "^1.1.2"
    split2 "^2.2.0"

process-nextick-args@~1.0.6:
  version "1.0.7"
  resolved "https://registry.yarnpkg.com/process-nextick-args/-/process-nextick-args-1.0.7.tgz#150e20b756590ad3f91093f25a4f2ad8bff30ba3"

proxy-addr@^2.0.3:
  version "2.0.6"
  resolved "https://registry.yarnpkg.com/proxy-addr/-/proxy-addr-2.0.6.tgz#fdc2336505447d3f2f2c638ed272caf614bbb2bf"
  integrity sha512-dh/frvCBVmSsDYzw6n926jv974gddhkFPfiN8hPOi30Wax25QZyZEGveluCgliBnqmuM+UJmBErbAUFIoDbjOw==
  dependencies:
    forwarded "~0.1.2"
    ipaddr.js "1.9.1"

pump@^3.0.0:
  version "3.0.0"
  resolved "https://registry.yarnpkg.com/pump/-/pump-3.0.0.tgz#b4a2116815bde2f4e1ea602354e8c75565107a64"
  integrity sha512-LwZy+p3SFs1Pytd/jYct4wpv49HiYCqd9Rlc5ZVdk0V+8Yzv6jR5Blk3TRmPL1ft69TxP0IMZGJ+WPFU2BFhww==
  dependencies:
    end-of-stream "^1.1.0"
    once "^1.3.1"

punycode@^2.1.0:
  version "2.1.1"
  resolved "https://registry.yarnpkg.com/punycode/-/punycode-2.1.1.tgz#b58b010ac40c22c5657616c8d2c2c02c7bf479ec"
  integrity sha512-XRsRjdf+j5ml+y/6GKHPZbrF/8p2Yga0JPtdqTIY2Xe5ohJPD9saDJJLPvp9+NSBprVvevdXZybnj2cv8OEd0A==

quick-format-unescaped@^1.1.2:
  version "1.1.2"
  resolved "https://registry.yarnpkg.com/quick-format-unescaped/-/quick-format-unescaped-1.1.2.tgz#0ca581de3174becef25ac3c2e8956342381db698"
  integrity sha1-DKWB3jF0vs7yWsPC6JVjQjgdtpg=
  dependencies:
    fast-safe-stringify "^1.0.8"

readable-stream@^2.1.5:
  version "2.3.3"
  resolved "https://registry.yarnpkg.com/readable-stream/-/readable-stream-2.3.3.tgz#368f2512d79f9d46fdfc71349ae7878bbc1eb95c"
  dependencies:
    core-util-is "~1.0.0"
    inherits "~2.0.3"
    isarray "~1.0.0"
    process-nextick-args "~1.0.6"
    safe-buffer "~5.1.1"
    string_decoder "~1.0.3"
    util-deprecate "~1.0.1"

readable-stream@^3.4.0:
  version "3.6.0"
  resolved "https://registry.yarnpkg.com/readable-stream/-/readable-stream-3.6.0.tgz#337bbda3adc0706bd3e024426a286d4b4b2c9198"
  integrity sha512-BViHy7LKeTz4oNnkcLJ+lVSL6vpiFeX6/d3oSH8zCW7UxP2onchk+vTGB143xuFjHS3deTgkKoXXymXqymiIdA==
  dependencies:
    inherits "^2.0.3"
    string_decoder "^1.1.1"
    util-deprecate "^1.0.1"

ret@~0.1.10:
  version "0.1.15"
  resolved "https://registry.yarnpkg.com/ret/-/ret-0.1.15.tgz#b8a4825d5bdb1fc3f6f53c2bc33f81388681c7bc"
  integrity sha512-TTlYpa+OL+vMMNG24xSlQGEJ3B/RzEfUlLct7b5G/ytav+wPrplCpVMFuwzXbkecJrb6IYo1iFb0S9v37754mg==

reusify@^1.0.2:
  version "1.0.2"
  resolved "https://registry.yarnpkg.com/reusify/-/reusify-1.0.2.tgz#e3ca4a613e64daac35d40ff34819e72776bf5d85"

reusify@^1.0.4:
  version "1.0.4"
  resolved "https://registry.yarnpkg.com/reusify/-/reusify-1.0.4.tgz#90da382b1e126efc02146e90845a88db12925d76"
  integrity sha512-U9nH88a3fc/ekCF1l0/UP1IosiuIjyTh7hBvXVMHYgVcfGvt897Xguj2UOLDeI5BG2m7/uwyaLVT6fbtCwTyzw==

rfdc@^1.1.2:
  version "1.1.4"
  resolved "https://registry.yarnpkg.com/rfdc/-/rfdc-1.1.4.tgz#ba72cc1367a0ccd9cf81a870b3b58bd3ad07f8c2"
  integrity sha512-5C9HXdzK8EAqN7JDif30jqsBzavB7wLpaubisuQIGHWf2gUXSpzy6ArX/+Da8RjFpagWsCn+pIgxTMAmKw9Zug==

safe-buffer@~5.1.0, safe-buffer@~5.1.1:
  version "5.1.1"
  resolved "https://registry.yarnpkg.com/safe-buffer/-/safe-buffer-5.1.1.tgz#893312af69b2123def71f57889001671eeb2c853"

safe-buffer@~5.2.0:
  version "5.2.0"
  resolved "https://registry.yarnpkg.com/safe-buffer/-/safe-buffer-5.2.0.tgz#b74daec49b1148f88c64b68d49b1e815c1f2f519"
  integrity sha512-fZEwUGbVl7kouZs1jCdMLdt95hdIv0ZeHg6L7qPeciMZhZ+/gdesW4wgTARkrFWEpspjEATAzUGPG8N2jJiwbg==

safe-regex@^1.1.0:
  version "1.1.0"
  resolved "https://registry.yarnpkg.com/safe-regex/-/safe-regex-1.1.0.tgz#40a3669f3b077d1e943d44629e157dd48023bf2e"
  integrity sha1-QKNmnzsHfR6UPURinhV91IAjvy4=
  dependencies:
    ret "~0.1.10"

semver-store@^0.3.0:
  version "0.3.0"
  resolved "https://registry.yarnpkg.com/semver-store/-/semver-store-0.3.0.tgz#ce602ff07df37080ec9f4fb40b29576547befbe9"
  integrity sha512-TcZvGMMy9vodEFSse30lWinkj+JgOBvPn8wRItpQRSayhc+4ssDs335uklkfvQQJgL/WvmHLVj4Ycv2s7QCQMg==

set-cookie-parser@^2.4.1:
  version "2.4.3"
  resolved "https://registry.yarnpkg.com/set-cookie-parser/-/set-cookie-parser-2.4.3.tgz#9c917e75698a5633511c3c6a3435f334faabc240"
  integrity sha512-+Eovq+TUyhqwUe+Ac9EaPlfEZOcQyy7uUPhcbEXEIsH73x/gOU56RO8wZDZW98fu3vSxhcPjuKDo1mIrmM7ixw==

split2@^2.2.0:
  version "2.2.0"
  resolved "https://registry.yarnpkg.com/split2/-/split2-2.2.0.tgz#186b2575bcf83e85b7d18465756238ee4ee42493"
  integrity sha512-RAb22TG39LhI31MbreBgIuKiIKhVsawfTgEGqKHTK87aG+ul/PB8Sqoi3I7kVdRWiCfrKxK3uo4/YUkpNvhPbw==
  dependencies:
    through2 "^2.0.2"

string-similarity@^4.0.1:
  version "4.0.1"
  resolved "https://registry.yarnpkg.com/string-similarity/-/string-similarity-4.0.1.tgz#ea7c11f0093cb3088cdcc5eb16cfd90cb54962f7"
  integrity sha512-v36MJzloekKVvKAsYi6O/qpn2mIuvwEFIT9Gx3yg4spkNjXYsk7yxc37g4ZTyMVIBvt/9PZGxnqEtme8XHK+Mw==

string_decoder@^1.1.1:
  version "1.3.0"
  resolved "https://registry.yarnpkg.com/string_decoder/-/string_decoder-1.3.0.tgz#42f114594a46cf1a8e30b0a84f56c78c3edac21e"
  integrity sha512-hkRX8U1WjJFd8LsDJ2yQ/wWWxaopEsABU1XfkM8A+j0+85JAGppt16cr1Whg6KIbb4okU6Mql6BOj+uup/wKeA==
  dependencies:
    safe-buffer "~5.2.0"

string_decoder@~1.0.3:
  version "1.0.3"
  resolved "https://registry.yarnpkg.com/string_decoder/-/string_decoder-1.0.3.tgz#0fc67d7c141825de94282dd536bec6b9bce860ab"
  dependencies:
    safe-buffer "~5.1.0"

supports-color@^5.3.0:
  version "5.5.0"
  resolved "https://registry.yarnpkg.com/supports-color/-/supports-color-5.5.0.tgz#e2e69a44ac8772f78a1ec0b35b689df6530efc8f"
  integrity sha512-QjVjwdXIt408MIiAqCX4oUKsgU2EqAGzs2Ppkm4aQYbjm+ZEWEcW4SfFNTr4uMNZma0ey4f5lgLrkB0aX0QMow==
  dependencies:
    has-flag "^3.0.0"

through2@^2.0.2:
  version "2.0.3"
  resolved "https://registry.yarnpkg.com/through2/-/through2-2.0.3.tgz#0004569b37c7c74ba39c43f3ced78d1ad94140be"
  dependencies:
    readable-stream "^2.1.5"
    xtend "~4.0.1"

tiny-lru@^2.0.0:
  version "2.0.0"
  resolved "https://registry.yarnpkg.com/tiny-lru/-/tiny-lru-2.0.0.tgz#1491ae2bd82d658246290fe48334039836cc6146"
  integrity sha512-LcvsiH/JYkeItdNK5w8EJjlHcOuaULkpjA97cfLBMvylHKlXAcccNFqKUw4EGhbYaFnhn6q7xqfTyO0xIOj59Q==

uri-js@^4.2.2:
  version "4.2.2"
  resolved "https://registry.yarnpkg.com/uri-js/-/uri-js-4.2.2.tgz#94c540e1ff772956e2299507c010aea6c8838eb0"
  integrity sha512-KY9Frmirql91X2Qgjry0Wd4Y+YTdrdZheS8TFwvkbLWf/G5KNJDCh6pKL5OZctEW4+0Baa5idK2ZQuELRwPznQ==
  dependencies:
    punycode "^2.1.0"

util-deprecate@^1.0.1, util-deprecate@~1.0.1:
  version "1.0.2"
  resolved "https://registry.yarnpkg.com/util-deprecate/-/util-deprecate-1.0.2.tgz#450d4dc9fa70de732762fbd2d4a28981419a0ccf"

wrappy@1:
  version "1.0.2"
  resolved "https://registry.yarnpkg.com/wrappy/-/wrappy-1.0.2.tgz#b5243d8f3ec1aa35f1364605bc0d1036e30ab69f"

xtend@~4.0.1:
  version "4.0.1"
  resolved "https://registry.yarnpkg.com/xtend/-/xtend-4.0.1.tgz#a5c6d532be656e23db820efb943a1f04998d63af"
